// !$*UTF8*$!
{
	archiveVersion = 1;
	classes = {
	};
	objectVersion = 77;
	objects = {

/* Begin PBXBuildFile section */
		0EE59A0380E6F6910FF5BB7C /* ReadingWorkbenchView.swift in Sources */ = {isa = PBXBuildFile; fileRef = 8AD6B9670D7260130C18A6EE /* ReadingWorkbenchView.swift */; };
		1D2D6291CBB91CBD317A49DF /* LocalLibrary in Frameworks */ = {isa = PBXBuildFile; productRef = 0292A62C3A22626F9D331C48 /* LocalLibrary */; };
		748B9C4FA0550826B2D4C613 /* PersonalKnowledgeNoteApp.swift in Sources */ = {isa = PBXBuildFile; fileRef = DDFDF72037EDE715B6D382C2 /* PersonalKnowledgeNoteApp.swift */; };
		9F297F16C382D3456461FD0B /* KnowledgeCore in Frameworks */ = {isa = PBXBuildFile; productRef = 3C0FF6F92630F5761683F524 /* KnowledgeCore */; };
		A06BB4D92747AF40DE23A227 /* DocumentImport in Frameworks */ = {isa = PBXBuildFile; productRef = 0E61813C13E9400699318865 /* DocumentImport */; };
		B2A4D708E95A71B3A94FFD2C /* ImportCenterView.swift in Sources */ = {isa = PBXBuildFile; fileRef = 5BF3F90707A70CEA69012ED1 /* ImportCenterView.swift */; };
		E0FFF842AEAC5FE400A4908E /* ArtifactWebView.swift in Sources */ = {isa = PBXBuildFile; fileRef = 50B04FAF4BB1460579CA6104 /* ArtifactWebView.swift */; };
		E45FB080300A8F0F941BDF0D /* ArtifactSchemeHandler.swift in Sources */ = {isa = PBXBuildFile; fileRef = 05F97DA457CF48644B577EEE /* ArtifactSchemeHandler.swift */; };
		FCD280731ACAA301DDF86A5E /* AppSupport in Frameworks */ = {isa = PBXBuildFile; productRef = 1A69319E3A18A946B9A9CA8F /* AppSupport */; };
/* End PBXBuildFile section */

/* Begin PBXFileReference section */
		05F97DA457CF48644B577EEE /* ArtifactSchemeHandler.swift */ = {isa = PBXFileReference; lastKnownFileType = sourcecode.swift; path = ArtifactSchemeHandler.swift; sourceTree = "<group>"; };
		4255889FFC26671E27B662CB /* PersonalKnowledgeNote */ = {isa = PBXFileReference; lastKnownFileType = folder; name = PersonalKnowledgeNote; path = .; sourceTree = SOURCE_ROOT; };
		50B04FAF4BB1460579CA6104 /* ArtifactWebView.swift */ = {isa = PBXFileReference; lastKnownFileType = sourcecode.swift; path = ArtifactWebView.swift; sourceTree = "<group>"; };
		5BF3F90707A70CEA69012ED1 /* ImportCenterView.swift */ = {isa = PBXFileReference; lastKnownFileType = sourcecode.swift; path = ImportCenterView.swift; sourceTree = "<group>"; };
		64506752E13DA3B4D14F3FCB /* PersonalKnowledgeNote.app */ = {isa = PBXFileReference; explicitFileType = wrapper.application; includeInIndex = 0; path = PersonalKnowledgeNote.app; sourceTree = BUILT_PRODUCTS_DIR; };
		8AD6B9670D7260130C18A6EE /* ReadingWorkbenchView.swift */ = {isa = PBXFileReference; lastKnownFileType = sourcecode.swift; path = ReadingWorkbenchView.swift; sourceTree = "<group>"; };
		DDFDF72037EDE715B6D382C2 /* PersonalKnowledgeNoteApp.swift */ = {isa = PBXFileReference; lastKnownFileType = sourcecode.swift; path = PersonalKnowledgeNoteApp.swift; sourceTree = "<group>"; };
/* End PBXFileReference section */

/* Begin PBXFrameworksBuildPhase section */
		1235C37F2595137363424A9F /* Frameworks */ = {
			isa = PBXFrameworksBuildPhase;
			buildActionMask = 2147483647;
			files = (
				FCD280731ACAA301DDF86A5E /* AppSupport in Frameworks */,
				A06BB4D92747AF40DE23A227 /* DocumentImport in Frameworks */,
				9F297F16C382D3456461FD0B /* KnowledgeCore in Frameworks */,
				1D2D6291CBB91CBD317A49DF /* LocalLibrary in Frameworks */,
			);
			runOnlyForDeploymentPostprocessing = 0;
		};
/* End PBXFrameworksBuildPhase section */

/* Begin PBXGroup section */
		3E700DEE7ABECAD1EB6D89FB /* Packages */ = {
			isa = PBXGroup;
			children = (
				4255889FFC26671E27B662CB /* PersonalKnowledgeNote */,
			);
			name = Packages;
			sourceTree = "<group>";
		};
		6A9EC30D69E51AF52D19785C /* App */ = {
			isa = PBXGroup;
			children = (
				05F97DA457CF48644B577EEE /* ArtifactSchemeHandler.swift */,
				50B04FAF4BB1460579CA6104 /* ArtifactWebView.swift */,
				5BF3F90707A70CEA69012ED1 /* ImportCenterView.swift */,
				DDFDF72037EDE715B6D382C2 /* PersonalKnowledgeNoteApp.swift */,
				8AD6B9670D7260130C18A6EE /* ReadingWorkbenchView.swift */,
			);
			path = App;
			sourceTree = "<group>";
		};
		A3BBA765F0C50DD89AEB41E2 /* Products */ = {
			isa = PBXGroup;
			children = (
				64506752E13DA3B4D14F3FCB /* PersonalKnowledgeNote.app */,
			);
			name = Products;
			sourceTree = "<group>";
		};
		D8ED1A8879E4586DED5D986D = {
			isa = PBXGroup;
			children = (
				6A9EC30D69E51AF52D19785C /* App */,
				3E700DEE7ABECAD1EB6D89FB /* Packages */,
				A3BBA765F0C50DD89AEB41E2 /* Products */,
			);
			sourceTree = "<group>";
		};
/* End PBXGroup section */

/* Begin PBXNativeTarget section */
		EA512B18EC4B2D2E5CD0E06A /* PersonalKnowledgeNote */ = {
			isa = PBXNativeTarget;
			buildConfigurationList = 315EF4AF09D96DBFF0761740 /* Build configuration list for PBXNativeTarget "PersonalKnowledgeNote" */;
			buildPhases = (
				89B09812EB30F199D3424272 /* Sources */,
				1235C37F2595137363424A9F /* Frameworks */,
			);
			buildRules = (
			);
			dependencies = (
			);
			name = PersonalKnowledgeNote;
			packageProductDependencies = (
				1A69319E3A18A946B9A9CA8F /* AppSupport */,
				0E61813C13E9400699318865 /* DocumentImport */,
				3C0FF6F92630F5761683F524 /* KnowledgeCore */,
				0292A62C3A22626F9D331C48 /* LocalLibrary */,
			);
			productName = PersonalKnowledgeNote;
			productReference = 64506752E13DA3B4D14F3FCB /* PersonalKnowledgeNote.app */;
			productType = "com.apple.product-type.application";
		};
/* End PBXNativeTarget section */

/* Begin PBXProject section */
		5AA16B7B41A9C7A695FBA1D2 /* Project object */ = {
			isa = PBXProject;
			attributes = {
				BuildIndependentTargetsInParallel = YES;
				LastUpgradeCheck = 1430;
			};
			buildConfigurationList = C2BCCAD43B1D139A99AE2DB2 /* Build configuration list for PBXProject "PersonalKnowledgeNote" */;
			compatibilityVersion = "Xcode 14.0";
			developmentRegion = en;
			hasScannedForEncodings = 0;
			knownRegions = (
				Base,
				en,
			);
			mainGroup = D8ED1A8879E4586DED5D986D;
			minimizedProjectReferenceProxies = 1;
			packageReferences = (
				4C1526AA87AEA918345F1410 /* XCLocalSwiftPackageReference "." */,
			);
			preferredProjectObjectVersion = 77;
			projectDirPath = "";
			projectRoot = "";
			targets = (
				EA512B18EC4B2D2E5CD0E06A /* PersonalKnowledgeNote */,
			);
		};
/* End PBXProject section */

/* Begin PBXSourcesBuildPhase section */
		89B09812EB30F199D3424272 /* Sources */ = {
			isa = PBXSourcesBuildPhase;
			buildActionMask = 2147483647;
			files = (
				E45FB080300A8F0F941BDF0D /* ArtifactSchemeHandler.swift in Sources */,
				E0FFF842AEAC5FE400A4908E /* ArtifactWebView.swift in Sources */,
				B2A4D708E95A71B3A94FFD2C /* ImportCenterView.swift in Sources */,
				748B9C4FA0550826B2D4C613 /* PersonalKnowledgeNoteApp.swift in Sources */,
				0EE59A0380E6F6910FF5BB7C /* ReadingWorkbenchView.swift in Sources */,
			);
			runOnlyForDeploymentPostprocessing = 0;
		};
/* End PBXSourcesBuildPhase section */

/* Begin XCBuildConfiguration section */
		2AAABB998AA2BED5ACB56BE4 /* Release */ = {
			isa = XCBuildConfiguration;
			buildSettings = {
				ALWAYS_SEARCH_USER_PATHS = NO;
				CLANG_ANALYZER_NONNULL = YES;
				CLANG_ANALYZER_NUMBER_OBJECT_CONVERSION = YES_AGGRESSIVE;
				CLANG_CXX_LANGUAGE_STANDARD = "gnu++14";
				CLANG_CXX_LIBRARY = "libc++";
				CLANG_ENABLE_MODULES = YES;
				CLANG_ENABLE_OBJC_ARC = YES;
				CLANG_ENABLE_OBJC_WEAK = YES;
				CLANG_WARN_BLOCK_CAPTURE_AUTORELEASING = YES;
				CLANG_WARN_BOOL_CONVERSION = YES;
				CLANG_WARN_COMMA = YES;
				CLANG_WARN_CONSTANT_CONVERSION = YES;
				CLANG_WARN_DEPRECATED_OBJC_IMPLEMENTATIONS = YES;
				CLANG_WARN_DIRECT_OBJC_ISA_USAGE = YES_ERROR;
				CLANG_WARN_DOCUMENTATION_COMMENTS = YES;
				CLANG_WARN_EMPTY_BODY = YES;
				CLANG_WARN_ENUM_CONVERSION = YES;
				CLANG_WARN_INFINITE_RECURSION = YES;
				CLANG_WARN_INT_CONVERSION = YES;
				CLANG_WARN_NON_LITERAL_NULL_CONVERSION = YES;
				CLANG_WARN_OBJC_IMPLICIT_RETAIN_SELF = YES;
				CLANG_WARN_OBJC_LITERAL_CONVERSION = YES;
				CLANG_WARN_OBJC_ROOT_CLASS = YES_ERROR;
				CLANG_WARN_QUOTED_INCLUDE_IN_FRAMEWORK_HEADER = YES;
				CLANG_WARN_RANGE_LOOP_ANALYSIS = YES;
				CLANG_WARN_STRICT_PROTOTYPES = YES;
				CLANG_WARN_SUSPICIOUS_MOVE = YES;
				CLANG_WARN_UNGUARDED_AVAILABILITY = YES_AGGRESSIVE;
				CLANG_WARN_UNREACHABLE_CODE = YES;
				CLANG_WARN__DUPLICATE_METHOD_MATCH = YES;
				COPY_PHASE_STRIP = NO;
				DEBUG_INFORMATION_FORMAT = "dwarf-with-dsym";
				ENABLE_NS_ASSERTIONS = NO;
				ENABLE_STRICT_OBJC_MSGSEND = YES;
				GCC_C_LANGUAGE_STANDARD = gnu11;
				GCC_NO_COMMON_BLOCKS = YES;
				GCC_WARN_64_TO_32_BIT_CONVERSION = YES;
				GCC_WARN_ABOUT_RETURN_TYPE = YES_ERROR;
				GCC_WARN_UNDECLARED_SELECTOR = YES;
				GCC_WARN_UNINITIALIZED_AUTOS = YES_AGGRESSIVE;
				GCC_WARN_UNUSED_FUNCTION = YES;
				GCC_WARN_UNUSED_VARIABLE = YES;
				MACOSX_DEPLOYMENT_TARGET = 15.0;
				MTL_ENABLE_DEBUG_INFO = NO;
				MTL_FAST_MATH = YES;
				PRODUCT_NAME = "$(TARGET_NAME)";
				SDKROOT = macosx;
				SWIFT_COMPILATION_MODE = wholemodule;
				SWIFT_OPTIMIZATION_LEVEL = "-O";
				SWIFT_VERSION = 5.0;
			};
			name = Release;
		};
		302B7CE0802CB5FE78CE10BC /* Debug */ = {
			isa = XCBuildConfiguration;
			buildSettings = {
				ALWAYS_SEARCH_USER_PATHS = NO;
				CLANG_ANALYZER_NONNULL = YES;
				CLANG_ANALYZER_NUMBER_OBJECT_CONVERSION = YES_AGGRESSIVE;
				CLANG_CXX_LANGUAGE_STANDARD = "gnu++14";
				CLANG_CXX_LIBRARY = "libc++";
				CLANG_ENABLE_MODULES = YES;
				CLANG_ENABLE_OBJC_ARC = YES;
				CLANG_ENABLE_OBJC_WEAK = YES;
				CLANG_WARN_BLOCK_CAPTURE_AUTORELEASING = YES;
				CLANG_WARN_BOOL_CONVERSION = YES;
				CLANG_WARN_COMMA = YES;
				CLANG_WARN_CONSTANT_CONVERSION = YES;
				CLANG_WARN_DEPRECATED_OBJC_IMPLEMENTATIONS = YES;
				CLANG_WARN_DIRECT_OBJC_ISA_USAGE = YES_ERROR;
				CLANG_WARN_DOCUMENTATION_COMMENTS = YES;
				CLANG_WARN_EMPTY_BODY = YES;
				CLANG_WARN_ENUM_CONVERSION = YES;
				CLANG_WARN_INFINITE_RECURSION = YES;
				CLANG_WARN_INT_CONVERSION = YES;
				CLANG_WARN_NON_LITERAL_NULL_CONVERSION = YES;
				CLANG_WARN_OBJC_IMPLICIT_RETAIN_SELF = YES;
				CLANG_WARN_OBJC_LITERAL_CONVERSION = YES;
				CLANG_WARN_OBJC_ROOT_CLASS = YES_ERROR;
				CLANG_WARN_QUOTED_INCLUDE_IN_FRAMEWORK_HEADER = YES;
				CLANG_WARN_RANGE_LOOP_ANALYSIS = YES;
				CLANG_WARN_STRICT_PROTOTYPES = YES;
				CLANG_WARN_SUSPICIOUS_MOVE = YES;
				CLANG_WARN_UNGUARDED_AVAILABILITY = YES_AGGRESSIVE;
				CLANG_WARN_UNREACHABLE_CODE = YES;
				CLANG_WARN__DUPLICATE_METHOD_MATCH = YES;
				COPY_PHASE_STRIP = NO;
				DEBUG_INFORMATION_FORMAT = dwarf;
				ENABLE_STRICT_OBJC_MSGSEND = YES;
				ENABLE_TESTABILITY = YES;
				GCC_C_LANGUAGE_STANDARD = gnu11;
				GCC_DYNAMIC_NO_PIC = NO;
				GCC_NO_COMMON_BLOCKS = YES;
				GCC_OPTIMIZATION_LEVEL = 0;
				GCC_PREPROCESSOR_DEFINITIONS = (
					"$(inherited)",
					"DEBUG=1",
				);
				GCC_WARN_64_TO_32_BIT_CONVERSION = YES;
				GCC_WARN_ABOUT_RETURN_TYPE = YES_ERROR;
				GCC_WARN_UNDECLARED_SELECTOR = YES;
				GCC_WARN_UNINITIALIZED_AUTOS = YES_AGGRESSIVE;
				GCC_WARN_UNUSED_FUNCTION = YES;
				GCC_WARN_UNUSED_VARIABLE = YES;
				MACOSX_DEPLOYMENT_TARGET = 15.0;
				MTL_ENABLE_DEBUG_INFO = INCLUDE_SOURCE;
				MTL_FAST_MATH = YES;
				ONLY_ACTIVE_ARCH = YES;
				PRODUCT_NAME = "$(TARGET_NAME)";
				SDKROOT = macosx;
				SWIFT_ACTIVE_COMPILATION_CONDITIONS = DEBUG;
				SWIFT_OPTIMIZATION_LEVEL = "-Onone";
				SWIFT_VERSION = 5.0;
			};
			name = Debug;
		};
		6830BCA3F63829572A695AE2 /* Release */ = {
			isa = XCBuildConfiguration;
			buildSettings = {
				ASSETCATALOG_COMPILER_APPICON_NAME = AppIcon;
				CODE_SIGNING_ALLOWED = NO;
				COMBINE_HIDPI_IMAGES = YES;
				GENERATE_INFOPLIST_FILE = YES;
				LD_RUNPATH_SEARCH_PATHS = (
					"$(inherited)",
					"@executable_path/../Frameworks",
				);
				MACOSX_DEPLOYMENT_TARGET = 15.0;
				PRODUCT_BUNDLE_IDENTIFIER = com.gavinzhou.PersonalKnowledgeNote;
				PRODUCT_NAME = PersonalKnowledgeNote;
				SDKROOT = macosx;
				SWIFT_STRICT_CONCURRENCY = complete;
				SWIFT_VERSION = 6.0;
			};
			name = Release;
		};
		D9291A26E3AA6DE115D2C2FD /* Debug */ = {
			isa = XCBuildConfiguration;
			buildSettings = {
				ASSETCATALOG_COMPILER_APPICON_NAME = AppIcon;
				CODE_SIGNING_ALLOWED = NO;
				COMBINE_HIDPI_IMAGES = YES;
				GENERATE_INFOPLIST_FILE = YES;
				LD_RUNPATH_SEARCH_PATHS = (
					"$(inherited)",
					"@executable_path/../Frameworks",
				);
				MACOSX_DEPLOYMENT_TARGET = 15.0;
				PRODUCT_BUNDLE_IDENTIFIER = com.gavinzhou.PersonalKnowledgeNote;
				PRODUCT_NAME = PersonalKnowledgeNote;
				SDKROOT = macosx;
				SWIFT_STRICT_CONCURRENCY = complete;
				SWIFT_VERSION = 6.0;
			};
			name = Debug;
		};
/* End XCBuildConfiguration section */

/* Begin XCConfigurationList section */
		315EF4AF09D96DBFF0761740 /* Build configuration list for PBXNativeTarget "PersonalKnowledgeNote" */ = {
			isa = XCConfigurationList;
			buildConfigurations = (
				D9291A26E3AA6DE115D2C2FD /* Debug */,
				6830BCA3F63829572A695AE2 /* Release */,
			);
			defaultConfigurationIsVisible = 0;
			defaultConfigurationName = Debug;
		};
		C2BCCAD43B1D139A99AE2DB2 /* Build configuration list for PBXProject "PersonalKnowledgeNote" */ = {
			isa = XCConfigurationList;
			buildConfigurations = (
				302B7CE0802CB5FE78CE10BC /* Debug */,
				2AAABB998AA2BED5ACB56BE4 /* Release */,
			);
			defaultConfigurationIsVisible = 0;
			defaultConfigurationName = Debug;
		};
/* End XCConfigurationList section */

/* Begin XCLocalSwiftPackageReference section */
		4C1526AA87AEA918345F1410 /* XCLocalSwiftPackageReference "." */ = {
			isa = XCLocalSwiftPackageReference;
			relativePath = .;
		};
/* End XCLocalSwiftPackageReference section */

/* Begin XCSwiftPackageProductDependency section */
		0292A62C3A22626F9D331C48 /* LocalLibrary */ = {
			isa = XCSwiftPackageProductDependency;
			productName = LocalLibrary;
		};
		0E61813C13E9400699318865 /* DocumentImport */ = {
			isa = XCSwiftPackageProductDependency;
			productName = DocumentImport;
		};
		1A69319E3A18A946B9A9CA8F /* AppSupport */ = {
			isa = XCSwiftPackageProductDependency;
			productName = AppSupport;
		};
		3C0FF6F92630F5761683F524 /* KnowledgeCore */ = {
			isa = XCSwiftPackageProductDependency;
			productName = KnowledgeCore;
		};
/* End XCSwiftPackageProductDependency section */
	};
	rootObject = 5AA16B7B41A9C7A695FBA1D2 /* Project object */;
}
