{
  "originHash" : "243cd85b2e31177371157ea932b15583820a74785bc6f353978bd182e3a7634b",
  "pins" : [
    {
      "identity" : "grdb.swift",
      "kind" : "remoteSourceControl",
      "location" : "https://github.com/groue/GRDB.swift.git",
      "state" : {
        "revision" : "b83108d10f42680d78f23fe4d4d80fc88dab3212",
        "version" : "7.11.1"
      }
    }
  ],
  "version" : 3
}
